// !$*UTF8*$!
{
	archiveVersion = 1;
	classes = {
	};
	objectVersion = 48;
	objects = {

/* Begin PBXBuildFile section */
		3F08803820AA866300A9148E /* NOT USED addPartyTableViewController.swift in Sources */ = {isa = PBXBuildFile; fileRef = 3F08803720AA866300A9148E /* NOT USED addPartyTableViewController.swift */; };
		3F1D3F94209BB55B003724D8 /* ProfileViewController.swift in Sources */ = {isa = PBXBuildFile; fileRef = 3F1D3F93209BB55B003724D8 /* ProfileViewController.swift */; };
		3F22FC9D20AE35A800D4B9DD /* NewPartyTableViewController.swift in Sources */ = {isa = PBXBuildFile; fileRef = 3F22FC9C20AE35A800D4B9DD /* NewPartyTableViewController.swift */; };
		3F752E5520A4FAAA00CA332A /* Media.xcassets in Resources */ = {isa = PBXBuildFile; fileRef = 3F752E5420A4FAAA00CA332A /* Media.xcassets */; };
		3F772CE020A63CE200736DA7 /* URL+Helpers.swift in Sources */ = {isa = PBXBuildFile; fileRef = 3F772CDF20A63CE200736DA7 /* URL+Helpers.swift */; };
		3F772CE220A63D3F00736DA7 /* StoreItem.swift in Sources */ = {isa = PBXBuildFile; fileRef = 3F772CE120A63D3F00736DA7 /* StoreItem.swift */; };
		3F772CE420A63D7100736DA7 /* StoreItemController.swift in Sources */ = {isa = PBXBuildFile; fileRef = 3F772CE320A63D7100736DA7 /* StoreItemController.swift */; };
		3FABE518209A578A00A9020A /* User.swift in Sources */ = {isa = PBXBuildFile; fileRef = 3FABE517209A578A00A9020A /* User.swift */; };
		3FABE51A209A5E0100A9020A /* LogInViewController.swift in Sources */ = {isa = PBXBuildFile; fileRef = 3FABE519209A5E0100A9020A /* LogInViewController.swift */; };
		3FEF2750209CFAC900C01A71 /* Party.swift in Sources */ = {isa = PBXBuildFile; fileRef = 3FEF274F209CFAC900C01A71 /* Party.swift */; };
		3FEF2752209D015D00C01A71 /* PartyPlaylistTableViewController.swift in Sources */ = {isa = PBXBuildFile; fileRef = 3FEF2751209D015D00C01A71 /* PartyPlaylistTableViewController.swift */; };
		3FEF2754209D07CD00C01A71 /* NewSongTableViewController.swift in Sources */ = {isa = PBXBuildFile; fileRef = 3FEF2753209D07CD00C01A71 /* NewSongTableViewController.swift */; };
		3FF8DBD820AE09CA00258965 /* SinglePlaylistTableViewController.swift in Sources */ = {isa = PBXBuildFile; fileRef = 3FF8DBD720AE09CA00258965 /* SinglePlaylistTableViewController.swift */; };
		3FF8DBDA20AE0DCA00258965 /* AddSongTableViewController.swift in Sources */ = {isa = PBXBuildFile; fileRef = 3FF8DBD920AE0DCA00258965 /* AddSongTableViewController.swift */; };
		3FF8DBDC20AE17B600258965 /* SongCell.swift in Sources */ = {isa = PBXBuildFile; fileRef = 3FF8DBDB20AE17B600258965 /* SongCell.swift */; };
		410B957B20A3997F00C728E3 /* SettingsTableViewController.swift in Sources */ = {isa = PBXBuildFile; fileRef = 410B957A20A3997F00C728E3 /* SettingsTableViewController.swift */; };
		41A0A337208E7DF00083669E /* AppDelegate.swift in Sources */ = {isa = PBXBuildFile; fileRef = 41A0A336208E7DF00083669E /* AppDelegate.swift */; };
		41A0A33C208E7DF00083669E /* Main.storyboard in Resources */ = {isa = PBXBuildFile; fileRef = 41A0A33A208E7DF00083669E /* Main.storyboard */; };
		41A0A341208E7DF00083669E /* LaunchScreen.storyboard in Resources */ = {isa = PBXBuildFile; fileRef = 41A0A33F208E7DF00083669E /* LaunchScreen.storyboard */; };
		41CE9CEE209A61E0007C0D42 /* SignUpTableViewController.swift in Sources */ = {isa = PBXBuildFile; fileRef = 41CE9CED209A61E0007C0D42 /* SignUpTableViewController.swift */; };
/* End PBXBuildFile section */

/* Begin PBXFileReference section */
		3F08803720AA866300A9148E /* NOT USED addPartyTableViewController.swift */ = {isa = PBXFileReference; lastKnownFileType = sourcecode.swift; path = "NOT USED addPartyTableViewController.swift"; sourceTree = "<group>"; };
		3F1D3F93209BB55B003724D8 /* ProfileViewController.swift */ = {isa = PBXFileReference; lastKnownFileType = sourcecode.swift; path = ProfileViewController.swift; sourceTree = "<group>"; };
		3F22FC9C20AE35A800D4B9DD /* NewPartyTableViewController.swift */ = {isa = PBXFileReference; lastKnownFileType = sourcecode.swift; path = NewPartyTableViewController.swift; sourceTree = "<group>"; };
		3F752E5420A4FAAA00CA332A /* Media.xcassets */ = {isa = PBXFileReference; lastKnownFileType = folder.assetcatalog; name = Media.xcassets; path = Juke/Media.xcassets; sourceTree = SOURCE_ROOT; };
		3F772CDF20A63CE200736DA7 /* URL+Helpers.swift */ = {isa = PBXFileReference; lastKnownFileType = sourcecode.swift; path = "URL+Helpers.swift"; sourceTree = "<group>"; };
		3F772CE120A63D3F00736DA7 /* StoreItem.swift */ = {isa = PBXFileReference; lastKnownFileType = sourcecode.swift; path = StoreItem.swift; sourceTree = "<group>"; };
		3F772CE320A63D7100736DA7 /* StoreItemController.swift */ = {isa = PBXFileReference; lastKnownFileType = sourcecode.swift; path = StoreItemController.swift; sourceTree = "<group>"; };
		3FABE517209A578A00A9020A /* User.swift */ = {isa = PBXFileReference; lastKnownFileType = sourcecode.swift; path = User.swift; sourceTree = "<group>"; };
		3FABE519209A5E0100A9020A /* LogInViewController.swift */ = {isa = PBXFileReference; lastKnownFileType = sourcecode.swift; path = LogInViewController.swift; sourceTree = "<group>"; };
		3FEF274F209CFAC900C01A71 /* Party.swift */ = {isa = PBXFileReference; lastKnownFileType = sourcecode.swift; path = Party.swift; sourceTree = "<group>"; };
		3FEF2751209D015D00C01A71 /* PartyPlaylistTableViewController.swift */ = {isa = PBXFileReference; lastKnownFileType = sourcecode.swift; path = PartyPlaylistTableViewController.swift; sourceTree = "<group>"; };
		3FEF2753209D07CD00C01A71 /* NewSongTableViewController.swift */ = {isa = PBXFileReference; lastKnownFileType = sourcecode.swift; path = NewSongTableViewController.swift; sourceTree = "<group>"; };
		3FF8DBD720AE09CA00258965 /* SinglePlaylistTableViewController.swift */ = {isa = PBXFileReference; lastKnownFileType = sourcecode.swift; path = SinglePlaylistTableViewController.swift; sourceTree = "<group>"; };
		3FF8DBD920AE0DCA00258965 /* AddSongTableViewController.swift */ = {isa = PBXFileReference; lastKnownFileType = sourcecode.swift; path = AddSongTableViewController.swift; sourceTree = "<group>"; };
		3FF8DBDB20AE17B600258965 /* SongCell.swift */ = {isa = PBXFileReference; lastKnownFileType = sourcecode.swift; path = SongCell.swift; sourceTree = "<group>"; };
		410B957A20A3997F00C728E3 /* SettingsTableViewController.swift */ = {isa = PBXFileReference; lastKnownFileType = sourcecode.swift; path = SettingsTableViewController.swift; sourceTree = "<group>"; };
		41A0A333208E7DF00083669E /* Juke.app */ = {isa = PBXFileReference; explicitFileType = wrapper.application; includeInIndex = 0; path = Juke.app; sourceTree = BUILT_PRODUCTS_DIR; };
		41A0A336208E7DF00083669E /* AppDelegate.swift */ = {isa = PBXFileReference; lastKnownFileType = sourcecode.swift; path = AppDelegate.swift; sourceTree = "<group>"; };
		41A0A33B208E7DF00083669E /* Base */ = {isa = PBXFileReference; lastKnownFileType = file.storyboard; name = Base; path = Base.lproj/Main.storyboard; sourceTree = "<group>"; };
		41A0A340208E7DF00083669E /* Base */ = {isa = PBXFileReference; lastKnownFileType = file.storyboard; name = Base; path = Base.lproj/LaunchScreen.storyboard; sourceTree = "<group>"; };
		41A0A342208E7DF00083669E /* Info.plist */ = {isa = PBXFileReference; lastKnownFileType = text.plist.xml; path = Info.plist; sourceTree = "<group>"; };
		41CE9CED209A61E0007C0D42 /* SignUpTableViewController.swift */ = {isa = PBXFileReference; lastKnownFileType = sourcecode.swift; path = SignUpTableViewController.swift; sourceTree = "<group>"; };
/* End PBXFileReference section */

/* Begin PBXFrameworksBuildPhase section */
		41A0A330208E7DF00083669E /* Frameworks */ = {
			isa = PBXFrameworksBuildPhase;
			buildActionMask = 2147483647;
			files = (
			);
			runOnlyForDeploymentPostprocessing = 0;
		};
/* End PBXFrameworksBuildPhase section */

/* Begin PBXGroup section */
		3F1D3F95209BB624003724D8 /* ViewControllers */ = {
			isa = PBXGroup;
			children = (
				3FF8DBD920AE0DCA00258965 /* AddSongTableViewController.swift */,
				3FF8DBD720AE09CA00258965 /* SinglePlaylistTableViewController.swift */,
				3FF8DBDB20AE17B600258965 /* SongCell.swift */,
				3FEF2753209D07CD00C01A71 /* NewSongTableViewController.swift */,
				3F22FC9C20AE35A800D4B9DD /* NewPartyTableViewController.swift */,
				3F08803720AA866300A9148E /* NOT USED addPartyTableViewController.swift */,
				3FEF2751209D015D00C01A71 /* PartyPlaylistTableViewController.swift */,
				3FABE519209A5E0100A9020A /* LogInViewController.swift */,
				3F1D3F93209BB55B003724D8 /* ProfileViewController.swift */,
				410B957A20A3997F00C728E3 /* SettingsTableViewController.swift */,
				41CE9CED209A61E0007C0D42 /* SignUpTableViewController.swift */,
			);
			path = ViewControllers;
			sourceTree = "<group>";
		};
		3FEF274D209CFA6D00C01A71 /* Data */ = {
			isa = PBXGroup;
			children = (
				3FABE517209A578A00A9020A /* User.swift */,
				3FEF274F209CFAC900C01A71 /* Party.swift */,
				3F772CDF20A63CE200736DA7 /* URL+Helpers.swift */,
				3F772CE120A63D3F00736DA7 /* StoreItem.swift */,
				3F772CE320A63D7100736DA7 /* StoreItemController.swift */,
			);
			path = Data;
			sourceTree = "<group>";
		};
		41A0A32A208E7DF00083669E = {
			isa = PBXGroup;
			children = (
				41A0A335208E7DF00083669E /* Juke */,
				41A0A334208E7DF00083669E /* Products */,
			);
			sourceTree = "<group>";
		};
		41A0A334208E7DF00083669E /* Products */ = {
			isa = PBXGroup;
			children = (
				41A0A333208E7DF00083669E /* Juke.app */,
			);
			name = Products;
			sourceTree = "<group>";
		};
		41A0A335208E7DF00083669E /* Juke */ = {
			isa = PBXGroup;
			children = (
				41A0A336208E7DF00083669E /* AppDelegate.swift */,
				41A0A33A208E7DF00083669E /* Main.storyboard */,
				3FEF274D209CFA6D00C01A71 /* Data */,
				3F1D3F95209BB624003724D8 /* ViewControllers */,
				41A0A33F208E7DF00083669E /* LaunchScreen.storyboard */,
				3F752E5420A4FAAA00CA332A /* Media.xcassets */,
				41A0A342208E7DF00083669E /* Info.plist */,
			);
			path = Juke;
			sourceTree = "<group>";
		};
/* End PBXGroup section */

/* Begin PBXNativeTarget section */
		41A0A332208E7DF00083669E /* Juke */ = {
			isa = PBXNativeTarget;
			buildConfigurationList = 41A0A345208E7DF00083669E /* Build configuration list for PBXNativeTarget "Juke" */;
			buildPhases = (
				41A0A32F208E7DF00083669E /* Sources */,
				41A0A330208E7DF00083669E /* Frameworks */,
				41A0A331208E7DF00083669E /* Resources */,
			);
			buildRules = (
			);
			dependencies = (
			);
			name = Juke;
			productName = Juke;
			productReference = 41A0A333208E7DF00083669E /* Juke.app */;
			productType = "com.apple.product-type.application";
		};
/* End PBXNativeTarget section */

/* Begin PBXProject section */
		41A0A32B208E7DF00083669E /* Project object */ = {
			isa = PBXProject;
			attributes = {
				LastSwiftUpdateCheck = 0920;
				LastUpgradeCheck = 0920;
				ORGANIZATIONNAME = "Matt Hickman";
				TargetAttributes = {
					41A0A332208E7DF00083669E = {
						CreatedOnToolsVersion = 9.2;
						ProvisioningStyle = Automatic;
					};
				};
			};
			buildConfigurationList = 41A0A32E208E7DF00083669E /* Build configuration list for PBXProject "Juke" */;
			compatibilityVersion = "Xcode 8.0";
			developmentRegion = en;
			hasScannedForEncodings = 0;
			knownRegions = (
				en,
				Base,
			);
			mainGroup = 41A0A32A208E7DF00083669E;
			productRefGroup = 41A0A334208E7DF00083669E /* Products */;
			projectDirPath = "";
			projectRoot = "";
			targets = (
				41A0A332208E7DF00083669E /* Juke */,
			);
		};
/* End PBXProject section */

/* Begin PBXResourcesBuildPhase section */
		41A0A331208E7DF00083669E /* Resources */ = {
			isa = PBXResourcesBuildPhase;
			buildActionMask = 2147483647;
			files = (
				41A0A341208E7DF00083669E /* LaunchScreen.storyboard in Resources */,
				3F752E5520A4FAAA00CA332A /* Media.xcassets in Resources */,
				41A0A33C208E7DF00083669E /* Main.storyboard in Resources */,
			);
			runOnlyForDeploymentPostprocessing = 0;
		};
/* End PBXResourcesBuildPhase section */

/* Begin PBXSourcesBuildPhase section */
		41A0A32F208E7DF00083669E /* Sources */ = {
			isa = PBXSourcesBuildPhase;
			buildActionMask = 2147483647;
			files = (
				3FF8DBDC20AE17B600258965 /* SongCell.swift in Sources */,
				3FABE51A209A5E0100A9020A /* LogInViewController.swift in Sources */,
				3F772CE020A63CE200736DA7 /* URL+Helpers.swift in Sources */,
				3FEF2754209D07CD00C01A71 /* NewSongTableViewController.swift in Sources */,
				3F08803820AA866300A9148E /* NOT USED addPartyTableViewController.swift in Sources */,
				41A0A337208E7DF00083669E /* AppDelegate.swift in Sources */,
				3FEF2752209D015D00C01A71 /* PartyPlaylistTableViewController.swift in Sources */,
				3FF8DBDA20AE0DCA00258965 /* AddSongTableViewController.swift in Sources */,
				3F1D3F94209BB55B003724D8 /* ProfileViewController.swift in Sources */,
				3FEF2750209CFAC900C01A71 /* Party.swift in Sources */,
				3FABE518209A578A00A9020A /* User.swift in Sources */,
				3F772CE420A63D7100736DA7 /* StoreItemController.swift in Sources */,
				41CE9CEE209A61E0007C0D42 /* SignUpTableViewController.swift in Sources */,
				3F22FC9D20AE35A800D4B9DD /* NewPartyTableViewController.swift in Sources */,
				410B957B20A3997F00C728E3 /* SettingsTableViewController.swift in Sources */,
				3F772CE220A63D3F00736DA7 /* StoreItem.swift in Sources */,
				3FF8DBD820AE09CA00258965 /* SinglePlaylistTableViewController.swift in Sources */,
			);
			runOnlyForDeploymentPostprocessing = 0;
		};
/* End PBXSourcesBuildPhase section */

/* Begin PBXVariantGroup section */
		41A0A33A208E7DF00083669E /* Main.storyboard */ = {
			isa = PBXVariantGroup;
			children = (
				41A0A33B208E7DF00083669E /* Base */,
			);
			name = Main.storyboard;
			sourceTree = "<group>";
		};
		41A0A33F208E7DF00083669E /* LaunchScreen.storyboard */ = {
			isa = PBXVariantGroup;
			children = (
				41A0A340208E7DF00083669E /* Base */,
			);
			name = LaunchScreen.storyboard;
			sourceTree = "<group>";
		};
/* End PBXVariantGroup section */

/* Begin XCBuildConfiguration section */
		41A0A343208E7DF00083669E /* Debug */ = {
			isa = XCBuildConfiguration;
			buildSettings = {
				ALWAYS_SEARCH_USER_PATHS = NO;
				CLANG_ANALYZER_NONNULL = YES;
				CLANG_ANALYZER_NUMBER_OBJECT_CONVERSION = YES_AGGRESSIVE;
				CLANG_CXX_LANGUAGE_STANDARD = "gnu++14";
				CLANG_CXX_LIBRARY = "libc++";
				CLANG_ENABLE_MODULES = YES;
				CLANG_ENABLE_OBJC_ARC = YES;
				CLANG_WARN_BLOCK_CAPTURE_AUTORELEASING = YES;
				CLANG_WARN_BOOL_CONVERSION = YES;
				CLANG_WARN_COMMA = YES;
				CLANG_WARN_CONSTANT_CONVERSION = YES;
				CLANG_WARN_DIRECT_OBJC_ISA_USAGE = YES_ERROR;
				CLANG_WARN_DOCUMENTATION_COMMENTS = YES;
				CLANG_WARN_EMPTY_BODY = YES;
				CLANG_WARN_ENUM_CONVERSION = YES;
				CLANG_WARN_INFINITE_RECURSION = YES;
				CLANG_WARN_INT_CONVERSION = YES;
				CLANG_WARN_NON_LITERAL_NULL_CONVERSION = YES;
				CLANG_WARN_OBJC_LITERAL_CONVERSION = YES;
				CLANG_WARN_OBJC_ROOT_CLASS = YES_ERROR;
				CLANG_WARN_RANGE_LOOP_ANALYSIS = YES;
				CLANG_WARN_STRICT_PROTOTYPES = YES;
				CLANG_WARN_SUSPICIOUS_MOVE = YES;
				CLANG_WARN_UNGUARDED_AVAILABILITY = YES_AGGRESSIVE;
				CLANG_WARN_UNREACHABLE_CODE = YES;
				CLANG_WARN__DUPLICATE_METHOD_MATCH = YES;
				CODE_SIGN_IDENTITY = "iPhone Developer";
				COPY_PHASE_STRIP = NO;
				DEBUG_INFORMATION_FORMAT = dwarf;
				ENABLE_STRICT_OBJC_MSGSEND = YES;
				ENABLE_TESTABILITY = YES;
				GCC_C_LANGUAGE_STANDARD = gnu11;
				GCC_DYNAMIC_NO_PIC = NO;
				GCC_NO_COMMON_BLOCKS = YES;
				GCC_OPTIMIZATION_LEVEL = 0;
				GCC_PREPROCESSOR_DEFINITIONS = (
					"DEBUG=1",
					"$(inherited)",
				);
				GCC_WARN_64_TO_32_BIT_CONVERSION = YES;
				GCC_WARN_ABOUT_RETURN_TYPE = YES_ERROR;
				GCC_WARN_UNDECLARED_SELECTOR = YES;
				GCC_WARN_UNINITIALIZED_AUTOS = YES_AGGRESSIVE;
				GCC_WARN_UNUSED_FUNCTION = YES;
				GCC_WARN_UNUSED_VARIABLE = YES;
				IPHONEOS_DEPLOYMENT_TARGET = 11.2;
				MTL_ENABLE_DEBUG_INFO = YES;
				ONLY_ACTIVE_ARCH = YES;
				SDKROOT = iphoneos;
				SWIFT_ACTIVE_COMPILATION_CONDITIONS = DEBUG;
				SWIFT_OPTIMIZATION_LEVEL = "-Onone";
			};
			name = Debug;
		};
		41A0A344208E7DF00083669E /* Release */ = {
			isa = XCBuildConfiguration;
			buildSettings = {
				ALWAYS_SEARCH_USER_PATHS = NO;
				CLANG_ANALYZER_NONNULL = YES;
				CLANG_ANALYZER_NUMBER_OBJECT_CONVERSION = YES_AGGRESSIVE;
				CLANG_CXX_LANGUAGE_STANDARD = "gnu++14";
				CLANG_CXX_LIBRARY = "libc++";
				CLANG_ENABLE_MODULES = YES;
				CLANG_ENABLE_OBJC_ARC = YES;
				CLANG_WARN_BLOCK_CAPTURE_AUTORELEASING = YES;
				CLANG_WARN_BOOL_CONVERSION = YES;
				CLANG_WARN_COMMA = YES;
				CLANG_WARN_CONSTANT_CONVERSION = YES;
				CLANG_WARN_DIRECT_OBJC_ISA_USAGE = YES_ERROR;
				CLANG_WARN_DOCUMENTATION_COMMENTS = YES;
				CLANG_WARN_EMPTY_BODY = YES;
				CLANG_WARN_ENUM_CONVERSION = YES;
				CLANG_WARN_INFINITE_RECURSION = YES;
				CLANG_WARN_INT_CONVERSION = YES;
				CLANG_WARN_NON_LITERAL_NULL_CONVERSION = YES;
				CLANG_WARN_OBJC_LITERAL_CONVERSION = YES;
				CLANG_WARN_OBJC_ROOT_CLASS = YES_ERROR;
				CLANG_WARN_RANGE_LOOP_ANALYSIS = YES;
				CLANG_WARN_STRICT_PROTOTYPES = YES;
				CLANG_WARN_SUSPICIOUS_MOVE = YES;
				CLANG_WARN_UNGUARDED_AVAILABILITY = YES_AGGRESSIVE;
				CLANG_WARN_UNREACHABLE_CODE = YES;
				CLANG_WARN__DUPLICATE_METHOD_MATCH = YES;
				CODE_SIGN_IDENTITY = "iPhone Developer";
				COPY_PHASE_STRIP = NO;
				DEBUG_INFORMATION_FORMAT = "dwarf-with-dsym";
				ENABLE_NS_ASSERTIONS = NO;
				ENABLE_STRICT_OBJC_MSGSEND = YES;
				GCC_C_LANGUAGE_STANDARD = gnu11;
				GCC_NO_COMMON_BLOCKS = YES;
				GCC_WARN_64_TO_32_BIT_CONVERSION = YES;
				GCC_WARN_ABOUT_RETURN_TYPE = YES_ERROR;
				GCC_WARN_UNDECLARED_SELECTOR = YES;
				GCC_WARN_UNINITIALIZED_AUTOS = YES_AGGRESSIVE;
				GCC_WARN_UNUSED_FUNCTION = YES;
				GCC_WARN_UNUSED_VARIABLE = YES;
				IPHONEOS_DEPLOYMENT_TARGET = 11.2;
				MTL_ENABLE_DEBUG_INFO = NO;
				SDKROOT = iphoneos;
				SWIFT_OPTIMIZATION_LEVEL = "-Owholemodule";
				VALIDATE_PRODUCT = YES;
			};
			name = Release;
		};
		41A0A346208E7DF00083669E /* Debug */ = {
			isa = XCBuildConfiguration;
			buildSettings = {
				ASSETCATALOG_COMPILER_APPICON_NAME = AppIcon;
				CODE_SIGN_STYLE = Automatic;
				DEVELOPMENT_TEAM = H3DG7V9329;
				INFOPLIST_FILE = Juke/Info.plist;
				LD_RUNPATH_SEARCH_PATHS = "$(inherited) @executable_path/Frameworks";
				PRODUCT_BUNDLE_IDENTIFIER = Hickman.Juke;
				PRODUCT_NAME = "$(TARGET_NAME)";
				SWIFT_VERSION = 4.0;
				TARGETED_DEVICE_FAMILY = "1,2";
			};
			name = Debug;
		};
		41A0A347208E7DF00083669E /* Release */ = {
			isa = XCBuildConfiguration;
			buildSettings = {
				ASSETCATALOG_COMPILER_APPICON_NAME = AppIcon;
				CODE_SIGN_STYLE = Automatic;
				DEVELOPMENT_TEAM = H3DG7V9329;
				INFOPLIST_FILE = Juke/Info.plist;
				LD_RUNPATH_SEARCH_PATHS = "$(inherited) @executable_path/Frameworks";
				PRODUCT_BUNDLE_IDENTIFIER = Hickman.Juke;
				PRODUCT_NAME = "$(TARGET_NAME)";
				SWIFT_VERSION = 4.0;
				TARGETED_DEVICE_FAMILY = "1,2";
			};
			name = Release;
		};
/* End XCBuildConfiguration section */

/* Begin XCConfigurationList section */
		41A0A32E208E7DF00083669E /* Build configuration list for PBXProject "Juke" */ = {
			isa = XCConfigurationList;
			buildConfigurations = (
				41A0A343208E7DF00083669E /* Debug */,
				41A0A344208E7DF00083669E /* Release */,
			);
			defaultConfigurationIsVisible = 0;
			defaultConfigurationName = Release;
		};
		41A0A345208E7DF00083669E /* Build configuration list for PBXNativeTarget "Juke" */ = {
			isa = XCConfigurationList;
			buildConfigurations = (
				41A0A346208E7DF00083669E /* Debug */,
				41A0A347208E7DF00083669E /* Release */,
			);
			defaultConfigurationIsVisible = 0;
			defaultConfigurationName = Release;
		};
/* End XCConfigurationList section */
	};
	rootObject = 41A0A32B208E7DF00083669E /* Project object */;
}
